
Microsoft Visual Studio Solution File, Format Version 12.00
# Visual Studio Version 17
VisualStudioVersion = 17.8.34330.188
MinimumVisualStudioVersion = 10.0.40219.1
Project("{FAE04EC0-301F-11D3-BF4B-00C04F79EFBC}") = "WPF_HW_10", "WPF_HW_10\WPF_HW_10.csproj", "{828DB9B6-1277-438A-81F4-0760644D8CF5}"
EndProject
Global
	GlobalSection(SolutionConfigurationPlatforms) = preSolution
		Debug|Any CPU = Debug|Any CPU
		Release|Any CPU = Release|Any CPU
	EndGlobalSection
	GlobalSection(ProjectConfigurationPlatforms) = postSolution
		{828DB9B6-1277-438A-81F4-0760644D8CF5}.Debug|Any CPU.ActiveCfg = Debug|Any CPU
		{828DB9B6-1277-438A-81F4-0760644D8CF5}.Debug|Any CPU.Build.0 = Debug|Any CPU
		{828DB9B6-1277-438A-81F4-0760644D8CF5}.Release|Any CPU.ActiveCfg = Release|Any CPU
		{828DB9B6-1277-438A-81F4-0760644D8CF5}.Release|Any CPU.Build.0 = Release|Any CPU
	EndGlobalSection
	GlobalSection(SolutionProperties) = preSolution
		HideSolutionNode = FALSE
	EndGlobalSection
	GlobalSection(ExtensibilityGlobals) = postSolution
		SolutionGuid = {AB2E368F-AE49-45A4-9785-BA926E6CA0F4}
	EndGlobalSection
EndGlobal
